// !$*UTF8*$!
{
	archiveVersion = 1;
	classes = {
	};
	objectVersion = 46;
	objects = {

/* Begin PBXBuildFile section */
		5567AE994901B758DDB8FDC8 /* Pods_SlotMachineV2Tests.framework in Frameworks */ = {isa = PBXBuildFile; fileRef = 5341A6912E66A06CAC51A8C7 /* Pods_SlotMachineV2Tests.framework */; };
		577BB4AD7D9BEC5B3272409B /* Pods_SlotMachineV2.framework in Frameworks */ = {isa = PBXBuildFile; fileRef = A2D7CDC5DD39443254BAA357 /* Pods_SlotMachineV2.framework */; };
		B19BA98E779D2F8F4A37C41B /* Pods_SlotMachineV2UITests.framework in Frameworks */ = {isa = PBXBuildFile; fileRef = 3EF0B93258AD823140BE6656 /* Pods_SlotMachineV2UITests.framework */; };
		F944D1681E92B9D10040E4B6 /* AppDelegate.swift in Sources */ = {isa = PBXBuildFile; fileRef = F944D1671E92B9D10040E4B6 /* AppDelegate.swift */; };
		F944D16A1E92B9D10040E4B6 /* GameScene.sks in Resources */ = {isa = PBXBuildFile; fileRef = F944D1691E92B9D10040E4B6 /* GameScene.sks */; };
		F944D16C1E92B9D10040E4B6 /* Actions.sks in Resources */ = {isa = PBXBuildFile; fileRef = F944D16B1E92B9D10040E4B6 /* Actions.sks */; };
		F944D16E1E92B9D10040E4B6 /* GameScene.swift in Sources */ = {isa = PBXBuildFile; fileRef = F944D16D1E92B9D10040E4B6 /* GameScene.swift */; };
		F944D1701E92B9D10040E4B6 /* GameViewController.swift in Sources */ = {isa = PBXBuildFile; fileRef = F944D16F1E92B9D10040E4B6 /* GameViewController.swift */; };
		F944D1731E92B9D10040E4B6 /* Main.storyboard in Resources */ = {isa = PBXBuildFile; fileRef = F944D1711E92B9D10040E4B6 /* Main.storyboard */; };
		F944D1751E92B9D10040E4B6 /* Assets.xcassets in Resources */ = {isa = PBXBuildFile; fileRef = F944D1741E92B9D10040E4B6 /* Assets.xcassets */; };
		F944D1781E92B9D10040E4B6 /* LaunchScreen.storyboard in Resources */ = {isa = PBXBuildFile; fileRef = F944D1761E92B9D10040E4B6 /* LaunchScreen.storyboard */; };
		F944D1831E92B9D10040E4B6 /* SlotMachineV2Tests.swift in Sources */ = {isa = PBXBuildFile; fileRef = F944D1821E92B9D10040E4B6 /* SlotMachineV2Tests.swift */; };
		F944D19C1E92BB900040E4B6 /* SlotMachine.swift in Sources */ = {isa = PBXBuildFile; fileRef = F944D19B1E92BB900040E4B6 /* SlotMachine.swift */; };
/* End PBXBuildFile section */

/* Begin PBXContainerItemProxy section */
		F944D17F1E92B9D10040E4B6 /* PBXContainerItemProxy */ = {
			isa = PBXContainerItemProxy;
			containerPortal = F944D15C1E92B9D10040E4B6 /* Project object */;
			proxyType = 1;
			remoteGlobalIDString = F944D1631E92B9D10040E4B6;
			remoteInfo = SlotMachineV2;
		};
		F944D18A1E92B9D10040E4B6 /* PBXContainerItemProxy */ = {
			isa = PBXContainerItemProxy;
			containerPortal = F944D15C1E92B9D10040E4B6 /* Project object */;
			proxyType = 1;
			remoteGlobalIDString = F944D1631E92B9D10040E4B6;
			remoteInfo = SlotMachineV2;
		};
/* End PBXContainerItemProxy section */

/* Begin PBXFileReference section */
		0CA661C33F359BA0248387A6 /* Pods-SlotMachineV2UITests.debug.xcconfig */ = {isa = PBXFileReference; includeInIndex = 1; lastKnownFileType = text.xcconfig; name = "Pods-SlotMachineV2UITests.debug.xcconfig"; path = "Pods/Target Support Files/Pods-SlotMachineV2UITests/Pods-SlotMachineV2UITests.debug.xcconfig"; sourceTree = "<group>"; };
		132BA0727008D24F0D573934 /* Pods-SlotMachineV2.debug.xcconfig */ = {isa = PBXFileReference; includeInIndex = 1; lastKnownFileType = text.xcconfig; name = "Pods-SlotMachineV2.debug.xcconfig"; path = "Pods/Target Support Files/Pods-SlotMachineV2/Pods-SlotMachineV2.debug.xcconfig"; sourceTree = "<group>"; };
		3EF0B93258AD823140BE6656 /* Pods_SlotMachineV2UITests.framework */ = {isa = PBXFileReference; explicitFileType = wrapper.framework; includeInIndex = 0; path = Pods_SlotMachineV2UITests.framework; sourceTree = BUILT_PRODUCTS_DIR; };
		5341A6912E66A06CAC51A8C7 /* Pods_SlotMachineV2Tests.framework */ = {isa = PBXFileReference; explicitFileType = wrapper.framework; includeInIndex = 0; path = Pods_SlotMachineV2Tests.framework; sourceTree = BUILT_PRODUCTS_DIR; };
		57E2064A16AB9E7E2E2D7323 /* Pods-SlotMachineV2Tests.debug.xcconfig */ = {isa = PBXFileReference; includeInIndex = 1; lastKnownFileType = text.xcconfig; name = "Pods-SlotMachineV2Tests.debug.xcconfig"; path = "Pods/Target Support Files/Pods-SlotMachineV2Tests/Pods-SlotMachineV2Tests.debug.xcconfig"; sourceTree = "<group>"; };
		662CCF9ACFF5F6F14423F506 /* Pods-SlotMachineV2UITests.release.xcconfig */ = {isa = PBXFileReference; includeInIndex = 1; lastKnownFileType = text.xcconfig; name = "Pods-SlotMachineV2UITests.release.xcconfig"; path = "Pods/Target Support Files/Pods-SlotMachineV2UITests/Pods-SlotMachineV2UITests.release.xcconfig"; sourceTree = "<group>"; };
		82DF1DA9B7E278E0FFD4CCBC /* Pods-SlotMachineV2.release.xcconfig */ = {isa = PBXFileReference; includeInIndex = 1; lastKnownFileType = text.xcconfig; name = "Pods-SlotMachineV2.release.xcconfig"; path = "Pods/Target Support Files/Pods-SlotMachineV2/Pods-SlotMachineV2.release.xcconfig"; sourceTree = "<group>"; };
		A2D7CDC5DD39443254BAA357 /* Pods_SlotMachineV2.framework */ = {isa = PBXFileReference; explicitFileType = wrapper.framework; includeInIndex = 0; path = Pods_SlotMachineV2.framework; sourceTree = BUILT_PRODUCTS_DIR; };
		A581DE7F03468964135395F0 /* Pods-SlotMachineV2Tests.release.xcconfig */ = {isa = PBXFileReference; includeInIndex = 1; lastKnownFileType = text.xcconfig; name = "Pods-SlotMachineV2Tests.release.xcconfig"; path = "Pods/Target Support Files/Pods-SlotMachineV2Tests/Pods-SlotMachineV2Tests.release.xcconfig"; sourceTree = "<group>"; };
		F944D1641E92B9D10040E4B6 /* SlotMachineV2.app */ = {isa = PBXFileReference; explicitFileType = wrapper.application; includeInIndex = 0; path = SlotMachineV2.app; sourceTree = BUILT_PRODUCTS_DIR; };
		F944D1671E92B9D10040E4B6 /* AppDelegate.swift */ = {isa = PBXFileReference; lastKnownFileType = sourcecode.swift; path = AppDelegate.swift; sourceTree = "<group>"; };
		F944D1691E92B9D10040E4B6 /* GameScene.sks */ = {isa = PBXFileReference; lastKnownFileType = file.sks; path = GameScene.sks; sourceTree = "<group>"; };
		F944D16B1E92B9D10040E4B6 /* Actions.sks */ = {isa = PBXFileReference; lastKnownFileType = file.sks; path = Actions.sks; sourceTree = "<group>"; };
		F944D16D1E92B9D10040E4B6 /* GameScene.swift */ = {isa = PBXFileReference; lastKnownFileType = sourcecode.swift; path = GameScene.swift; sourceTree = "<group>"; };
		F944D16F1E92B9D10040E4B6 /* GameViewController.swift */ = {isa = PBXFileReference; lastKnownFileType = sourcecode.swift; path = GameViewController.swift; sourceTree = "<group>"; };
		F944D1721E92B9D10040E4B6 /* Base */ = {isa = PBXFileReference; lastKnownFileType = file.storyboard; name = Base; path = Base.lproj/Main.storyboard; sourceTree = "<group>"; };
		F944D1741E92B9D10040E4B6 /* Assets.xcassets */ = {isa = PBXFileReference; lastKnownFileType = folder.assetcatalog; path = Assets.xcassets; sourceTree = "<group>"; };
		F944D1771E92B9D10040E4B6 /* Base */ = {isa = PBXFileReference; lastKnownFileType = file.storyboard; name = Base; path = Base.lproj/LaunchScreen.storyboard; sourceTree = "<group>"; };
		F944D1791E92B9D10040E4B6 /* Info.plist */ = {isa = PBXFileReference; lastKnownFileType = text.plist.xml; path = Info.plist; sourceTree = "<group>"; };
		F944D17E1E92B9D10040E4B6 /* SlotMachineV2Tests.xctest */ = {isa = PBXFileReference; explicitFileType = wrapper.cfbundle; includeInIndex = 0; path = SlotMachineV2Tests.xctest; sourceTree = BUILT_PRODUCTS_DIR; };
		F944D1821E92B9D10040E4B6 /* SlotMachineV2Tests.swift */ = {isa = PBXFileReference; lastKnownFileType = sourcecode.swift; path = SlotMachineV2Tests.swift; sourceTree = "<group>"; };
		F944D1841E92B9D10040E4B6 /* Info.plist */ = {isa = PBXFileReference; lastKnownFileType = text.plist.xml; path = Info.plist; sourceTree = "<group>"; };
		F944D1891E92B9D10040E4B6 /* SlotMachineV2UITests.xctest */ = {isa = PBXFileReference; explicitFileType = wrapper.cfbundle; includeInIndex = 0; path = SlotMachineV2UITests.xctest; sourceTree = BUILT_PRODUCTS_DIR; };
		F944D19B1E92BB900040E4B6 /* SlotMachine.swift */ = {isa = PBXFileReference; fileEncoding = 4; lastKnownFileType = sourcecode.swift; path = SlotMachine.swift; sourceTree = "<group>"; };
/* End PBXFileReference section */

/* Begin PBXFrameworksBuildPhase section */
		F944D1611E92B9D10040E4B6 /* Frameworks */ = {
			isa = PBXFrameworksBuildPhase;
			buildActionMask = 2147483647;
			files = (
				577BB4AD7D9BEC5B3272409B /* Pods_SlotMachineV2.framework in Frameworks */,
			);
			runOnlyForDeploymentPostprocessing = 0;
		};
		F944D17B1E92B9D10040E4B6 /* Frameworks */ = {
			isa = PBXFrameworksBuildPhase;
			buildActionMask = 2147483647;
			files = (
				5567AE994901B758DDB8FDC8 /* Pods_SlotMachineV2Tests.framework in Frameworks */,
			);
			runOnlyForDeploymentPostprocessing = 0;
		};
		F944D1861E92B9D10040E4B6 /* Frameworks */ = {
			isa = PBXFrameworksBuildPhase;
			buildActionMask = 2147483647;
			files = (
				B19BA98E779D2F8F4A37C41B /* Pods_SlotMachineV2UITests.framework in Frameworks */,
			);
			runOnlyForDeploymentPostprocessing = 0;
		};
/* End PBXFrameworksBuildPhase section */

/* Begin PBXGroup section */
		D0A708652051A5C20DF91F44 /* Frameworks */ = {
			isa = PBXGroup;
			children = (
				A2D7CDC5DD39443254BAA357 /* Pods_SlotMachineV2.framework */,
				5341A6912E66A06CAC51A8C7 /* Pods_SlotMachineV2Tests.framework */,
				3EF0B93258AD823140BE6656 /* Pods_SlotMachineV2UITests.framework */,
			);
			name = Frameworks;
			sourceTree = "<group>";
		};
		E0EC610DEE23A3953A68B870 /* Pods */ = {
			isa = PBXGroup;
			children = (
				132BA0727008D24F0D573934 /* Pods-SlotMachineV2.debug.xcconfig */,
				82DF1DA9B7E278E0FFD4CCBC /* Pods-SlotMachineV2.release.xcconfig */,
				57E2064A16AB9E7E2E2D7323 /* Pods-SlotMachineV2Tests.debug.xcconfig */,
				A581DE7F03468964135395F0 /* Pods-SlotMachineV2Tests.release.xcconfig */,
				0CA661C33F359BA0248387A6 /* Pods-SlotMachineV2UITests.debug.xcconfig */,
				662CCF9ACFF5F6F14423F506 /* Pods-SlotMachineV2UITests.release.xcconfig */,
			);
			name = Pods;
			sourceTree = "<group>";
		};
		F944D15B1E92B9D10040E4B6 = {
			isa = PBXGroup;
			children = (
				F944D1661E92B9D10040E4B6 /* SlotMachineV2 */,
				F944D1811E92B9D10040E4B6 /* SlotMachineV2Tests */,
				F944D1651E92B9D10040E4B6 /* Products */,
				E0EC610DEE23A3953A68B870 /* Pods */,
				D0A708652051A5C20DF91F44 /* Frameworks */,
			);
			sourceTree = "<group>";
		};
		F944D1651E92B9D10040E4B6 /* Products */ = {
			isa = PBXGroup;
			children = (
				F944D1641E92B9D10040E4B6 /* SlotMachineV2.app */,
				F944D17E1E92B9D10040E4B6 /* SlotMachineV2Tests.xctest */,
				F944D1891E92B9D10040E4B6 /* SlotMachineV2UITests.xctest */,
			);
			name = Products;
			sourceTree = "<group>";
		};
		F944D1661E92B9D10040E4B6 /* SlotMachineV2 */ = {
			isa = PBXGroup;
			children = (
				F949A2B81E9BF0C2009AAC0B /* Support */,
				F944D16D1E92B9D10040E4B6 /* GameScene.swift */,
				F944D16F1E92B9D10040E4B6 /* GameViewController.swift */,
				F944D19B1E92BB900040E4B6 /* SlotMachine.swift */,
			);
			path = SlotMachineV2;
			sourceTree = "<group>";
		};
		F944D1811E92B9D10040E4B6 /* SlotMachineV2Tests */ = {
			isa = PBXGroup;
			children = (
				F944D1821E92B9D10040E4B6 /* SlotMachineV2Tests.swift */,
				F944D1841E92B9D10040E4B6 /* Info.plist */,
			);
			path = SlotMachineV2Tests;
			sourceTree = "<group>";
		};
		F949A2B81E9BF0C2009AAC0B /* Support */ = {
			isa = PBXGroup;
			children = (
				F944D1671E92B9D10040E4B6 /* AppDelegate.swift */,
				F944D1691E92B9D10040E4B6 /* GameScene.sks */,
				F944D16B1E92B9D10040E4B6 /* Actions.sks */,
				F944D1711E92B9D10040E4B6 /* Main.storyboard */,
				F944D1741E92B9D10040E4B6 /* Assets.xcassets */,
				F944D1761E92B9D10040E4B6 /* LaunchScreen.storyboard */,
				F944D1791E92B9D10040E4B6 /* Info.plist */,
			);
			name = Support;
			sourceTree = "<group>";
		};
/* End PBXGroup section */

/* Begin PBXNativeTarget section */
		F944D1631E92B9D10040E4B6 /* SlotMachineV2 */ = {
			isa = PBXNativeTarget;
			buildConfigurationList = F944D1921E92B9D20040E4B6 /* Build configuration list for PBXNativeTarget "SlotMachineV2" */;
			buildPhases = (
				67C337A43C5AC324ACAB8001 /* [CP] Check Pods Manifest.lock */,
				F944D1601E92B9D10040E4B6 /* Sources */,
				F944D1611E92B9D10040E4B6 /* Frameworks */,
				F944D1621E92B9D10040E4B6 /* Resources */,
				E01040202FC5E1F07F1F153A /* [CP] Embed Pods Frameworks */,
				9C6EA46D3EEC66899C9C3CCE /* [CP] Copy Pods Resources */,
			);
			buildRules = (
			);
			dependencies = (
			);
			name = SlotMachineV2;
			productName = SlotMachineV2;
			productReference = F944D1641E92B9D10040E4B6 /* SlotMachineV2.app */;
			productType = "com.apple.product-type.application";
		};
		F944D17D1E92B9D10040E4B6 /* SlotMachineV2Tests */ = {
			isa = PBXNativeTarget;
			buildConfigurationList = F944D1951E92B9D20040E4B6 /* Build configuration list for PBXNativeTarget "SlotMachineV2Tests" */;
			buildPhases = (
				884115F9018E9579CB34A46F /* [CP] Check Pods Manifest.lock */,
				F944D17A1E92B9D10040E4B6 /* Sources */,
				F944D17B1E92B9D10040E4B6 /* Frameworks */,
				F944D17C1E92B9D10040E4B6 /* Resources */,
				AA2597043A1E91560A930C7B /* [CP] Embed Pods Frameworks */,
				3AC17BFD7C01048D10E28F74 /* [CP] Copy Pods Resources */,
			);
			buildRules = (
			);
			dependencies = (
				F944D1801E92B9D10040E4B6 /* PBXTargetDependency */,
			);
			name = SlotMachineV2Tests;
			productName = SlotMachineV2Tests;
			productReference = F944D17E1E92B9D10040E4B6 /* SlotMachineV2Tests.xctest */;
			productType = "com.apple.product-type.bundle.unit-test";
		};
		F944D1881E92B9D10040E4B6 /* SlotMachineV2UITests */ = {
			isa = PBXNativeTarget;
			buildConfigurationList = F944D1981E92B9D20040E4B6 /* Build configuration list for PBXNativeTarget "SlotMachineV2UITests" */;
			buildPhases = (
				4556182C80DCE96DDCD5E372 /* [CP] Check Pods Manifest.lock */,
				F944D1851E92B9D10040E4B6 /* Sources */,
				F944D1861E92B9D10040E4B6 /* Frameworks */,
				F944D1871E92B9D10040E4B6 /* Resources */,
				4CCC372CAB94091FC211406B /* [CP] Embed Pods Frameworks */,
				313ECB348AB7F487055B8D78 /* [CP] Copy Pods Resources */,
			);
			buildRules = (
			);
			dependencies = (
				F944D18B1E92B9D10040E4B6 /* PBXTargetDependency */,
			);
			name = SlotMachineV2UITests;
			productName = SlotMachineV2UITests;
			productReference = F944D1891E92B9D10040E4B6 /* SlotMachineV2UITests.xctest */;
			productType = "com.apple.product-type.bundle.ui-testing";
		};
/* End PBXNativeTarget section */

/* Begin PBXProject section */
		F944D15C1E92B9D10040E4B6 /* Project object */ = {
			isa = PBXProject;
			attributes = {
				LastSwiftUpdateCheck = 0820;
				LastUpgradeCheck = 0820;
				ORGANIZATIONNAME = "Thinh Luong";
				TargetAttributes = {
					F944D1631E92B9D10040E4B6 = {
						CreatedOnToolsVersion = 8.2.1;
						DevelopmentTeam = PFEP86NHCT;
						ProvisioningStyle = Automatic;
					};
					F944D17D1E92B9D10040E4B6 = {
						CreatedOnToolsVersion = 8.2.1;
						DevelopmentTeam = PFEP86NHCT;
						ProvisioningStyle = Automatic;
						TestTargetID = F944D1631E92B9D10040E4B6;
					};
					F944D1881E92B9D10040E4B6 = {
						CreatedOnToolsVersion = 8.2.1;
						DevelopmentTeam = PFEP86NHCT;
						ProvisioningStyle = Automatic;
						TestTargetID = F944D1631E92B9D10040E4B6;
					};
				};
			};
			buildConfigurationList = F944D15F1E92B9D10040E4B6 /* Build configuration list for PBXProject "SlotMachineV2" */;
			compatibilityVersion = "Xcode 3.2";
			developmentRegion = English;
			hasScannedForEncodings = 0;
			knownRegions = (
				en,
				Base,
			);
			mainGroup = F944D15B1E92B9D10040E4B6;
			productRefGroup = F944D1651E92B9D10040E4B6 /* Products */;
			projectDirPath = "";
			projectRoot = "";
			targets = (
				F944D1631E92B9D10040E4B6 /* SlotMachineV2 */,
				F944D17D1E92B9D10040E4B6 /* SlotMachineV2Tests */,
				F944D1881E92B9D10040E4B6 /* SlotMachineV2UITests */,
			);
		};
/* End PBXProject section */

/* Begin PBXResourcesBuildPhase section */
		F944D1621E92B9D10040E4B6 /* Resources */ = {
			isa = PBXResourcesBuildPhase;
			buildActionMask = 2147483647;
			files = (
				F944D1731E92B9D10040E4B6 /* Main.storyboard in Resources */,
				F944D16A1E92B9D10040E4B6 /* GameScene.sks in Resources */,
				F944D1751E92B9D10040E4B6 /* Assets.xcassets in Resources */,
				F944D1781E92B9D10040E4B6 /* LaunchScreen.storyboard in Resources */,
				F944D16C1E92B9D10040E4B6 /* Actions.sks in Resources */,
			);
			runOnlyForDeploymentPostprocessing = 0;
		};
		F944D17C1E92B9D10040E4B6 /* Resources */ = {
			isa = PBXResourcesBuildPhase;
			buildActionMask = 2147483647;
			files = (
			);
			runOnlyForDeploymentPostprocessing = 0;
		};
		F944D1871E92B9D10040E4B6 /* Resources */ = {
			isa = PBXResourcesBuildPhase;
			buildActionMask = 2147483647;
			files = (
			);
			runOnlyForDeploymentPostprocessing = 0;
		};
/* End PBXResourcesBuildPhase section */

/* Begin PBXShellScriptBuildPhase section */
		313ECB348AB7F487055B8D78 /* [CP] Copy Pods Resources */ = {
			isa = PBXShellScriptBuildPhase;
			buildActionMask = 2147483647;
			files = (
			);
			inputPaths = (
			);
			name = "[CP] Copy Pods Resources";
			outputPaths = (
			);
			runOnlyForDeploymentPostprocessing = 0;
			shellPath = /bin/sh;
			shellScript = "\"${SRCROOT}/Pods/Target Support Files/Pods-SlotMachineV2UITests/Pods-SlotMachineV2UITests-resources.sh\"\n";
			showEnvVarsInLog = 0;
		};
		3AC17BFD7C01048D10E28F74 /* [CP] Copy Pods Resources */ = {
			isa = PBXShellScriptBuildPhase;
			buildActionMask = 2147483647;
			files = (
			);
			inputPaths = (
			);
			name = "[CP] Copy Pods Resources";
			outputPaths = (
			);
			runOnlyForDeploymentPostprocessing = 0;
			shellPath = /bin/sh;
			shellScript = "\"${SRCROOT}/Pods/Target Support Files/Pods-SlotMachineV2Tests/Pods-SlotMachineV2Tests-resources.sh\"\n";
			showEnvVarsInLog = 0;
		};
		4556182C80DCE96DDCD5E372 /* [CP] Check Pods Manifest.lock */ = {
			isa = PBXShellScriptBuildPhase;
			buildActionMask = 2147483647;
			files = (
			);
			inputPaths = (
			);
			name = "[CP] Check Pods Manifest.lock";
			outputPaths = (
			);
			runOnlyForDeploymentPostprocessing = 0;
			shellPath = /bin/sh;
			shellScript = "diff \"${PODS_ROOT}/../Podfile.lock\" \"${PODS_ROOT}/Manifest.lock\" > /dev/null\nif [ $? != 0 ] ; then\n    # print error to STDERR\n    echo \"error: The sandbox is not in sync with the Podfile.lock. Run 'pod install' or update your CocoaPods installation.\" >&2\n    exit 1\nfi\n";
			showEnvVarsInLog = 0;
		};
		4CCC372CAB94091FC211406B /* [CP] Embed Pods Frameworks */ = {
			isa = PBXShellScriptBuildPhase;
			buildActionMask = 2147483647;
			files = (
			);
			inputPaths = (
			);
			name = "[CP] Embed Pods Frameworks";
			outputPaths = (
			);
			runOnlyForDeploymentPostprocessing = 0;
			shellPath = /bin/sh;
			shellScript = "\"${SRCROOT}/Pods/Target Support Files/Pods-SlotMachineV2UITests/Pods-SlotMachineV2UITests-frameworks.sh\"\n";
			showEnvVarsInLog = 0;
		};
		67C337A43C5AC324ACAB8001 /* [CP] Check Pods Manifest.lock */ = {
			isa = PBXShellScriptBuildPhase;
			buildActionMask = 2147483647;
			files = (
			);
			inputPaths = (
			);
			name = "[CP] Check Pods Manifest.lock";
			outputPaths = (
			);
			runOnlyForDeploymentPostprocessing = 0;
			shellPath = /bin/sh;
			shellScript = "diff \"${PODS_ROOT}/../Podfile.lock\" \"${PODS_ROOT}/Manifest.lock\" > /dev/null\nif [ $? != 0 ] ; then\n    # print error to STDERR\n    echo \"error: The sandbox is not in sync with the Podfile.lock. Run 'pod install' or update your CocoaPods installation.\" >&2\n    exit 1\nfi\n";
			showEnvVarsInLog = 0;
		};
		884115F9018E9579CB34A46F /* [CP] Check Pods Manifest.lock */ = {
			isa = PBXShellScriptBuildPhase;
			buildActionMask = 2147483647;
			files = (
			);
			inputPaths = (
			);
			name = "[CP] Check Pods Manifest.lock";
			outputPaths = (
			);
			runOnlyForDeploymentPostprocessing = 0;
			shellPath = /bin/sh;
			shellScript = "diff \"${PODS_ROOT}/../Podfile.lock\" \"${PODS_ROOT}/Manifest.lock\" > /dev/null\nif [ $? != 0 ] ; then\n    # print error to STDERR\n    echo \"error: The sandbox is not in sync with the Podfile.lock. Run 'pod install' or update your CocoaPods installation.\" >&2\n    exit 1\nfi\n";
			showEnvVarsInLog = 0;
		};
		9C6EA46D3EEC66899C9C3CCE /* [CP] Copy Pods Resources */ = {
			isa = PBXShellScriptBuildPhase;
			buildActionMask = 2147483647;
			files = (
			);
			inputPaths = (
			);
			name = "[CP] Copy Pods Resources";
			outputPaths = (
			);
			runOnlyForDeploymentPostprocessing = 0;
			shellPath = /bin/sh;
			shellScript = "\"${SRCROOT}/Pods/Target Support Files/Pods-SlotMachineV2/Pods-SlotMachineV2-resources.sh\"\n";
			showEnvVarsInLog = 0;
		};
		AA2597043A1E91560A930C7B /* [CP] Embed Pods Frameworks */ = {
			isa = PBXShellScriptBuildPhase;
			buildActionMask = 2147483647;
			files = (
			);
			inputPaths = (
			);
			name = "[CP] Embed Pods Frameworks";
			outputPaths = (
			);
			runOnlyForDeploymentPostprocessing = 0;
			shellPath = /bin/sh;
			shellScript = "\"${SRCROOT}/Pods/Target Support Files/Pods-SlotMachineV2Tests/Pods-SlotMachineV2Tests-frameworks.sh\"\n";
			showEnvVarsInLog = 0;
		};
		E01040202FC5E1F07F1F153A /* [CP] Embed Pods Frameworks */ = {
			isa = PBXShellScriptBuildPhase;
			buildActionMask = 2147483647;
			files = (
			);
			inputPaths = (
			);
			name = "[CP] Embed Pods Frameworks";
			outputPaths = (
			);
			runOnlyForDeploymentPostprocessing = 0;
			shellPath = /bin/sh;
			shellScript = "\"${SRCROOT}/Pods/Target Support Files/Pods-SlotMachineV2/Pods-SlotMachineV2-frameworks.sh\"\n";
			showEnvVarsInLog = 0;
		};
/* End PBXShellScriptBuildPhase section */

/* Begin PBXSourcesBuildPhase section */
		F944D1601E92B9D10040E4B6 /* Sources */ = {
			isa = PBXSourcesBuildPhase;
			buildActionMask = 2147483647;
			files = (
				F944D16E1E92B9D10040E4B6 /* GameScene.swift in Sources */,
				F944D1701E92B9D10040E4B6 /* GameViewController.swift in Sources */,
				F944D1681E92B9D10040E4B6 /* AppDelegate.swift in Sources */,
				F944D19C1E92BB900040E4B6 /* SlotMachine.swift in Sources */,
			);
			runOnlyForDeploymentPostprocessing = 0;
		};
		F944D17A1E92B9D10040E4B6 /* Sources */ = {
			isa = PBXSourcesBuildPhase;
			buildActionMask = 2147483647;
			files = (
				F944D1831E92B9D10040E4B6 /* SlotMachineV2Tests.swift in Sources */,
			);
			runOnlyForDeploymentPostprocessing = 0;
		};
		F944D1851E92B9D10040E4B6 /* Sources */ = {
			isa = PBXSourcesBuildPhase;
			buildActionMask = 2147483647;
			files = (
			);
			runOnlyForDeploymentPostprocessing = 0;
		};
/* End PBXSourcesBuildPhase section */

/* Begin PBXTargetDependency section */
		F944D1801E92B9D10040E4B6 /* PBXTargetDependency */ = {
			isa = PBXTargetDependency;
			target = F944D1631E92B9D10040E4B6 /* SlotMachineV2 */;
			targetProxy = F944D17F1E92B9D10040E4B6 /* PBXContainerItemProxy */;
		};
		F944D18B1E92B9D10040E4B6 /* PBXTargetDependency */ = {
			isa = PBXTargetDependency;
			target = F944D1631E92B9D10040E4B6 /* SlotMachineV2 */;
			targetProxy = F944D18A1E92B9D10040E4B6 /* PBXContainerItemProxy */;
		};
/* End PBXTargetDependency section */

/* Begin PBXVariantGroup section */
		F944D1711E92B9D10040E4B6 /* Main.storyboard */ = {
			isa = PBXVariantGroup;
			children = (
				F944D1721E92B9D10040E4B6 /* Base */,
			);
			name = Main.storyboard;
			sourceTree = "<group>";
		};
		F944D1761E92B9D10040E4B6 /* LaunchScreen.storyboard */ = {
			isa = PBXVariantGroup;
			children = (
				F944D1771E92B9D10040E4B6 /* Base */,
			);
			name = LaunchScreen.storyboard;
			sourceTree = "<group>";
		};
/* End PBXVariantGroup section */

/* Begin XCBuildConfiguration section */
		F944D1901E92B9D20040E4B6 /* Debug */ = {
			isa = XCBuildConfiguration;
			buildSettings = {
				ALWAYS_SEARCH_USER_PATHS = NO;
				CLANG_ANALYZER_NONNULL = YES;
				CLANG_CXX_LANGUAGE_STANDARD = "gnu++0x";
				CLANG_CXX_LIBRARY = "libc++";
				CLANG_ENABLE_MODULES = YES;
				CLANG_ENABLE_OBJC_ARC = YES;
				CLANG_WARN_BOOL_CONVERSION = YES;
				CLANG_WARN_CONSTANT_CONVERSION = YES;
				CLANG_WARN_DIRECT_OBJC_ISA_USAGE = YES_ERROR;
				CLANG_WARN_DOCUMENTATION_COMMENTS = YES;
				CLANG_WARN_EMPTY_BODY = YES;
				CLANG_WARN_ENUM_CONVERSION = YES;
				CLANG_WARN_INFINITE_RECURSION = YES;
				CLANG_WARN_INT_CONVERSION = YES;
				CLANG_WARN_OBJC_ROOT_CLASS = YES_ERROR;
				CLANG_WARN_SUSPICIOUS_MOVE = YES;
				CLANG_WARN_UNREACHABLE_CODE = YES;
				CLANG_WARN__DUPLICATE_METHOD_MATCH = YES;
				"CODE_SIGN_IDENTITY[sdk=iphoneos*]" = "iPhone Developer";
				COPY_PHASE_STRIP = NO;
				DEBUG_INFORMATION_FORMAT = dwarf;
				ENABLE_STRICT_OBJC_MSGSEND = YES;
				ENABLE_TESTABILITY = YES;
				GCC_C_LANGUAGE_STANDARD = gnu99;
				GCC_DYNAMIC_NO_PIC = NO;
				GCC_NO_COMMON_BLOCKS = YES;
				GCC_OPTIMIZATION_LEVEL = 0;
				GCC_PREPROCESSOR_DEFINITIONS = (
					"DEBUG=1",
					"$(inherited)",
				);
				GCC_WARN_64_TO_32_BIT_CONVERSION = YES;
				GCC_WARN_ABOUT_RETURN_TYPE = YES_ERROR;
				GCC_WARN_UNDECLARED_SELECTOR = YES;
				GCC_WARN_UNINITIALIZED_AUTOS = YES_AGGRESSIVE;
				GCC_WARN_UNUSED_FUNCTION = YES;
				GCC_WARN_UNUSED_VARIABLE = YES;
				IPHONEOS_DEPLOYMENT_TARGET = 10.2;
				MTL_ENABLE_DEBUG_INFO = YES;
				ONLY_ACTIVE_ARCH = YES;
				SDKROOT = iphoneos;
				SWIFT_ACTIVE_COMPILATION_CONDITIONS = DEBUG;
				SWIFT_OPTIMIZATION_LEVEL = "-Onone";
				TARGETED_DEVICE_FAMILY = "1,2";
			};
			name = Debug;
		};
		F944D1911E92B9D20040E4B6 /* Release */ = {
			isa = XCBuildConfiguration;
			buildSettings = {
				ALWAYS_SEARCH_USER_PATHS = NO;
				CLANG_ANALYZER_NONNULL = YES;
				CLANG_CXX_LANGUAGE_STANDARD = "gnu++0x";
				CLANG_CXX_LIBRARY = "libc++";
				CLANG_ENABLE_MODULES = YES;
				CLANG_ENABLE_OBJC_ARC = YES;
				CLANG_WARN_BOOL_CONVERSION = YES;
				CLANG_WARN_CONSTANT_CONVERSION = YES;
				CLANG_WARN_DIRECT_OBJC_ISA_USAGE = YES_ERROR;
				CLANG_WARN_DOCUMENTATION_COMMENTS = YES;
				CLANG_WARN_EMPTY_BODY = YES;
				CLANG_WARN_ENUM_CONVERSION = YES;
				CLANG_WARN_INFINITE_RECURSION = YES;
				CLANG_WARN_INT_CONVERSION = YES;
				CLANG_WARN_OBJC_ROOT_CLASS = YES_ERROR;
				CLANG_WARN_SUSPICIOUS_MOVE = YES;
				CLANG_WARN_UNREACHABLE_CODE = YES;
				CLANG_WARN__DUPLICATE_METHOD_MATCH = YES;
				"CODE_SIGN_IDENTITY[sdk=iphoneos*]" = "iPhone Developer";
				COPY_PHASE_STRIP = NO;
				DEBUG_INFORMATION_FORMAT = "dwarf-with-dsym";
				ENABLE_NS_ASSERTIONS = NO;
				ENABLE_STRICT_OBJC_MSGSEND = YES;
				GCC_C_LANGUAGE_STANDARD = gnu99;
				GCC_NO_COMMON_BLOCKS = YES;
				GCC_WARN_64_TO_32_BIT_CONVERSION = YES;
				GCC_WARN_ABOUT_RETURN_TYPE = YES_ERROR;
				GCC_WARN_UNDECLARED_SELECTOR = YES;
				GCC_WARN_UNINITIALIZED_AUTOS = YES_AGGRESSIVE;
				GCC_WARN_UNUSED_FUNCTION = YES;
				GCC_WARN_UNUSED_VARIABLE = YES;
				IPHONEOS_DEPLOYMENT_TARGET = 10.2;
				MTL_ENABLE_DEBUG_INFO = NO;
				SDKROOT = iphoneos;
				SWIFT_OPTIMIZATION_LEVEL = "-Owholemodule";
				TARGETED_DEVICE_FAMILY = "1,2";
				VALIDATE_PRODUCT = YES;
			};
			name = Release;
		};
		F944D1931E92B9D20040E4B6 /* Debug */ = {
			isa = XCBuildConfiguration;
			baseConfigurationReference = 132BA0727008D24F0D573934 /* Pods-SlotMachineV2.debug.xcconfig */;
			buildSettings = {
				ASSETCATALOG_COMPILER_APPICON_NAME = AppIcon;
				DEVELOPMENT_TEAM = PFEP86NHCT;
				INFOPLIST_FILE = SlotMachineV2/Info.plist;
				IPHONEOS_DEPLOYMENT_TARGET = 10.2;
				LD_RUNPATH_SEARCH_PATHS = "$(inherited) @executable_path/Frameworks";
				PRODUCT_BUNDLE_IDENTIFIER = com.tvluong.SlotMachineV2;
				PRODUCT_NAME = "$(TARGET_NAME)";
				SWIFT_VERSION = 3.0;
			};
			name = Debug;
		};
		F944D1941E92B9D20040E4B6 /* Release */ = {
			isa = XCBuildConfiguration;
			baseConfigurationReference = 82DF1DA9B7E278E0FFD4CCBC /* Pods-SlotMachineV2.release.xcconfig */;
			buildSettings = {
				ASSETCATALOG_COMPILER_APPICON_NAME = AppIcon;
				DEVELOPMENT_TEAM = PFEP86NHCT;
				INFOPLIST_FILE = SlotMachineV2/Info.plist;
				IPHONEOS_DEPLOYMENT_TARGET = 10.2;
				LD_RUNPATH_SEARCH_PATHS = "$(inherited) @executable_path/Frameworks";
				PRODUCT_BUNDLE_IDENTIFIER = com.tvluong.SlotMachineV2;
				PRODUCT_NAME = "$(TARGET_NAME)";
				SWIFT_VERSION = 3.0;
			};
			name = Release;
		};
		F944D1961E92B9D20040E4B6 /* Debug */ = {
			isa = XCBuildConfiguration;
			baseConfigurationReference = 57E2064A16AB9E7E2E2D7323 /* Pods-SlotMachineV2Tests.debug.xcconfig */;
			buildSettings = {
				ALWAYS_EMBED_SWIFT_STANDARD_LIBRARIES = YES;
				BUNDLE_LOADER = "$(TEST_HOST)";
				DEVELOPMENT_TEAM = PFEP86NHCT;
				INFOPLIST_FILE = SlotMachineV2Tests/Info.plist;
				LD_RUNPATH_SEARCH_PATHS = "$(inherited) @executable_path/Frameworks @loader_path/Frameworks";
				PRODUCT_BUNDLE_IDENTIFIER = com.tvluong.SlotMachineV2Tests;
				PRODUCT_NAME = "$(TARGET_NAME)";
				SWIFT_VERSION = 3.0;
				TEST_HOST = "$(BUILT_PRODUCTS_DIR)/SlotMachineV2.app/SlotMachineV2";
			};
			name = Debug;
		};
		F944D1971E92B9D20040E4B6 /* Release */ = {
			isa = XCBuildConfiguration;
			baseConfigurationReference = A581DE7F03468964135395F0 /* Pods-SlotMachineV2Tests.release.xcconfig */;
			buildSettings = {
				ALWAYS_EMBED_SWIFT_STANDARD_LIBRARIES = YES;
				BUNDLE_LOADER = "$(TEST_HOST)";
				DEVELOPMENT_TEAM = PFEP86NHCT;
				INFOPLIST_FILE = SlotMachineV2Tests/Info.plist;
				LD_RUNPATH_SEARCH_PATHS = "$(inherited) @executable_path/Frameworks @loader_path/Frameworks";
				PRODUCT_BUNDLE_IDENTIFIER = com.tvluong.SlotMachineV2Tests;
				PRODUCT_NAME = "$(TARGET_NAME)";
				SWIFT_VERSION = 3.0;
				TEST_HOST = "$(BUILT_PRODUCTS_DIR)/SlotMachineV2.app/SlotMachineV2";
			};
			name = Release;
		};
		F944D1991E92B9D20040E4B6 /* Debug */ = {
			isa = XCBuildConfiguration;
			baseConfigurationReference = 0CA661C33F359BA0248387A6 /* Pods-SlotMachineV2UITests.debug.xcconfig */;
			buildSettings = {
				ALWAYS_EMBED_SWIFT_STANDARD_LIBRARIES = YES;
				DEVELOPMENT_TEAM = PFEP86NHCT;
				INFOPLIST_FILE = SlotMachineV2UITests/Info.plist;
				LD_RUNPATH_SEARCH_PATHS = "$(inherited) @executable_path/Frameworks @loader_path/Frameworks";
				PRODUCT_BUNDLE_IDENTIFIER = com.tvluong.SlotMachineV2UITests;
				PRODUCT_NAME = "$(TARGET_NAME)";
				SWIFT_VERSION = 3.0;
				TEST_TARGET_NAME = SlotMachineV2;
			};
			name = Debug;
		};
		F944D19A1E92B9D20040E4B6 /* Release */ = {
			isa = XCBuildConfiguration;
			baseConfigurationReference = 662CCF9ACFF5F6F14423F506 /* Pods-SlotMachineV2UITests.release.xcconfig */;
			buildSettings = {
				ALWAYS_EMBED_SWIFT_STANDARD_LIBRARIES = YES;
				DEVELOPMENT_TEAM = PFEP86NHCT;
				INFOPLIST_FILE = SlotMachineV2UITests/Info.plist;
				LD_RUNPATH_SEARCH_PATHS = "$(inherited) @executable_path/Frameworks @loader_path/Frameworks";
				PRODUCT_BUNDLE_IDENTIFIER = com.tvluong.SlotMachineV2UITests;
				PRODUCT_NAME = "$(TARGET_NAME)";
				SWIFT_VERSION = 3.0;
				TEST_TARGET_NAME = SlotMachineV2;
			};
			name = Release;
		};
/* End XCBuildConfiguration section */

/* Begin XCConfigurationList section */
		F944D15F1E92B9D10040E4B6 /* Build configuration list for PBXProject "SlotMachineV2" */ = {
			isa = XCConfigurationList;
			buildConfigurations = (
				F944D1901E92B9D20040E4B6 /* Debug */,
				F944D1911E92B9D20040E4B6 /* Release */,
			);
			defaultConfigurationIsVisible = 0;
			defaultConfigurationName = Release;
		};
		F944D1921E92B9D20040E4B6 /* Build configuration list for PBXNativeTarget "SlotMachineV2" */ = {
			isa = XCConfigurationList;
			buildConfigurations = (
				F944D1931E92B9D20040E4B6 /* Debug */,
				F944D1941E92B9D20040E4B6 /* Release */,
			);
			defaultConfigurationIsVisible = 0;
			defaultConfigurationName = Release;
		};
		F944D1951E92B9D20040E4B6 /* Build configuration list for PBXNativeTarget "SlotMachineV2Tests" */ = {
			isa = XCConfigurationList;
			buildConfigurations = (
				F944D1961E92B9D20040E4B6 /* Debug */,
				F944D1971E92B9D20040E4B6 /* Release */,
			);
			defaultConfigurationIsVisible = 0;
			defaultConfigurationName = Release;
		};
		F944D1981E92B9D20040E4B6 /* Build configuration list for PBXNativeTarget "SlotMachineV2UITests" */ = {
			isa = XCConfigurationList;
			buildConfigurations = (
				F944D1991E92B9D20040E4B6 /* Debug */,
				F944D19A1E92B9D20040E4B6 /* Release */,
			);
			defaultConfigurationIsVisible = 0;
			defaultConfigurationName = Release;
		};
/* End XCConfigurationList section */
	};
	rootObject = F944D15C1E92B9D10040E4B6 /* Project object */;
}
